
Microsoft Visual Studio Solution File, Format Version 12.00
# Visual Studio Version 17
VisualStudioVersion = 17.0.31903.59
MinimumVisualStudioVersion = 10.0.40219.1
Project("{FAE04EC0-301F-11D3-BF4B-00C04F79EFBC}") = "Multimnesia.Server", "Multimnesia.Server\Multimnesia.Server.csproj", "{3E69AAFF-1C7A-45AE-8690-873E990EA71E}"
EndProject
Project("{FAE04EC0-301F-11D3-BF4B-00C04F79EFBC}") = "Multimnesia.Client", "Multimnesia.Client\Multimnesia.Client.csproj", "{2FAA8024-21E2-4080-9801-441C537A9237}"
EndProject
Global
	GlobalSection(SolutionConfigurationPlatforms) = preSolution
		Debug|Any CPU = Debug|Any CPU
		Release|Any CPU = Release|Any CPU
	EndGlobalSection
	GlobalSection(ProjectConfigurationPlatforms) = postSolution
		{3E69AAFF-1C7A-45AE-8690-873E990EA71E}.Debug|Any CPU.ActiveCfg = Debug|Any CPU
		{3E69AAFF-1C7A-45AE-8690-873E990EA71E}.Debug|Any CPU.Build.0 = Debug|Any CPU
		{3E69AAFF-1C7A-45AE-8690-873E990EA71E}.Release|Any CPU.ActiveCfg = Release|Any CPU
		{3E69AAFF-1C7A-45AE-8690-873E990EA71E}.Release|Any CPU.Build.0 = Release|Any CPU
		{2FAA8024-21E2-4080-9801-441C537A9237}.Debug|Any CPU.ActiveCfg = Debug|Any CPU
		{2FAA8024-21E2-4080-9801-441C537A9237}.Debug|Any CPU.Build.0 = Debug|Any CPU
		{2FAA8024-21E2-4080-9801-441C537A9237}.Release|Any CPU.ActiveCfg = Release|Any CPU
		{2FAA8024-21E2-4080-9801-441C537A9237}.Release|Any CPU.Build.0 = Release|Any CPU
	EndGlobalSection
	GlobalSection(SolutionProperties) = preSolution
		HideSolutionNode = FALSE
	EndGlobalSection
	GlobalSection(ExtensibilityGlobals) = postSolution
		SolutionGuid = {499CEA56-7444-4CB0-AECA-6607914FB917}
	EndGlobalSection
EndGlobal
